
Microsoft Visual Studio Solution File, Format Version 12.00
# Visual Studio Version 17
VisualStudioVersion = 17.2.32519.379
MinimumVisualStudioVersion = 10.0.40219.1
Project("{2150E333-8FDC-42A3-9474-1A3956D46DE8}") = "src", "src", "{BF9C3643-462D-49E8-B882-A6733B9E73F4}"
EndProject
Project("{2150E333-8FDC-42A3-9474-1A3956D46DE8}") = "Building Block", "Building Block", "{A131CC8F-BD36-4E7F-8206-517E682B25FC}"
EndProject
Project("{2150E333-8FDC-42A3-9474-1A3956D46DE8}") = "services", "services", "{5543B935-D7C9-4354-AD9A-DE76F6416CA5}"
EndProject
Project("{2150E333-8FDC-42A3-9474-1A3956D46DE8}") = "Web", "Web", "{AB1B0482-D486-42E1-94AF-9E64F4B0A519}"
EndProject
Project("{2150E333-8FDC-42A3-9474-1A3956D46DE8}") = "Identidade", "Identidade", "{421DE6D4-0868-4E08-9C05-EE1263F1FC38}"
EndProject
Project("{9A19103F-16F7-4668-BE54-9A1E7A4F7556}") = "NSE.Identidade.API", "src\services\NSE.Identidade.API\NSE.Identidade.API.csproj", "{0F056435-54BD-489A-84B0-D90E26A4FC40}"
EndProject
Project("{2150E333-8FDC-42A3-9474-1A3956D46DE8}") = "MVC", "MVC", "{DFE06A9C-8CD2-4175-A124-560F2D0777B4}"
EndProject
Project("{9A19103F-16F7-4668-BE54-9A1E7A4F7556}") = "NSE.WebApp.MVC", "src\web\NSE.WebAPP.MVC\NSE.WebApp.MVC.csproj", "{02E85D95-C949-4E88-A00F-9E8AED814585}"
EndProject
Project("{2150E333-8FDC-42A3-9474-1A3956D46DE8}") = "core", "core", "{210B41A0-FBB1-4CEB-BD8C-C54774F4869A}"
EndProject
Project("{9A19103F-16F7-4668-BE54-9A1E7A4F7556}") = "NSE.Core", "src\building blocks\NSE.Core\NSE.Core.csproj", "{C1B60E49-5E63-432A-8E1C-3B504D3CE42A}"
EndProject
Project("{2150E333-8FDC-42A3-9474-1A3956D46DE8}") = "Carrinho", "Carrinho", "{3EA8675A-A64B-4F69-9091-E362D029AB7C}"
EndProject
Project("{2150E333-8FDC-42A3-9474-1A3956D46DE8}") = "Catalogo", "Catalogo", "{5D693C70-FC58-485F-B3BA-012D7B34D338}"
EndProject
Project("{2150E333-8FDC-42A3-9474-1A3956D46DE8}") = "Cliente", "Cliente", "{E62E19E9-165D-4B14-95E9-968CDD153030}"
EndProject
Project("{2150E333-8FDC-42A3-9474-1A3956D46DE8}") = "Pagamento", "Pagamento", "{D04EAC13-C4A3-417F-A5A5-2903C0443732}"
EndProject
Project("{2150E333-8FDC-42A3-9474-1A3956D46DE8}") = "Pedido", "Pedido", "{FD07A958-8C9C-415C-BD78-17D54F8CE957}"
EndProject
Project("{9A19103F-16F7-4668-BE54-9A1E7A4F7556}") = "NSE.Carrinho.API", "src\services\NSE.Carrinho.API\NSE.Carrinho.API.csproj", "{F8110CF3-F030-4A22-A220-7F1444F5CE5A}"
EndProject
Project("{9A19103F-16F7-4668-BE54-9A1E7A4F7556}") = "NSE.Catalogo.API", "src\services\NSE.Catalogo.API\NSE.Catalogo.API.csproj", "{275C1BFD-3CAB-4477-BA55-3B7C33DDC8AB}"
EndProject
Project("{9A19103F-16F7-4668-BE54-9A1E7A4F7556}") = "NSE.Cliente.API", "src\services\NSE.Cliente.API\NSE.Cliente.API.csproj", "{F303D10D-7D42-4B94-A176-9A85A6F9058B}"
EndProject
Project("{9A19103F-16F7-4668-BE54-9A1E7A4F7556}") = "NSE.Pagamento.API", "src\services\NSE.Pagamento.API\NSE.Pagamento.API.csproj", "{EBD7F66D-7B08-4B06-84A0-693C0D372B9C}"
EndProject
Project("{9A19103F-16F7-4668-BE54-9A1E7A4F7556}") = "NSE.Pedido.API", "src\services\NSE.Pedido.API\NSE.Pedido.API.csproj", "{8AF97AF6-43D3-4624-869F-9DEF9506AF79}"
EndProject
Global
	GlobalSection(SolutionConfigurationPlatforms) = preSolution
		Debug|Any CPU = Debug|Any CPU
		Release|Any CPU = Release|Any CPU
	EndGlobalSection
	GlobalSection(ProjectConfigurationPlatforms) = postSolution
		{0F056435-54BD-489A-84B0-D90E26A4FC40}.Debug|Any CPU.ActiveCfg = Debug|Any CPU
		{0F056435-54BD-489A-84B0-D90E26A4FC40}.Debug|Any CPU.Build.0 = Debug|Any CPU
		{0F056435-54BD-489A-84B0-D90E26A4FC40}.Release|Any CPU.ActiveCfg = Release|Any CPU
		{0F056435-54BD-489A-84B0-D90E26A4FC40}.Release|Any CPU.Build.0 = Release|Any CPU
		{02E85D95-C949-4E88-A00F-9E8AED814585}.Debug|Any CPU.ActiveCfg = Debug|Any CPU
		{02E85D95-C949-4E88-A00F-9E8AED814585}.Debug|Any CPU.Build.0 = Debug|Any CPU
		{02E85D95-C949-4E88-A00F-9E8AED814585}.Release|Any CPU.ActiveCfg = Release|Any CPU
		{02E85D95-C949-4E88-A00F-9E8AED814585}.Release|Any CPU.Build.0 = Release|Any CPU
		{C1B60E49-5E63-432A-8E1C-3B504D3CE42A}.Debug|Any CPU.ActiveCfg = Debug|Any CPU
		{C1B60E49-5E63-432A-8E1C-3B504D3CE42A}.Debug|Any CPU.Build.0 = Debug|Any CPU
		{C1B60E49-5E63-432A-8E1C-3B504D3CE42A}.Release|Any CPU.ActiveCfg = Release|Any CPU
		{C1B60E49-5E63-432A-8E1C-3B504D3CE42A}.Release|Any CPU.Build.0 = Release|Any CPU
		{F8110CF3-F030-4A22-A220-7F1444F5CE5A}.Debug|Any CPU.ActiveCfg = Debug|Any CPU
		{F8110CF3-F030-4A22-A220-7F1444F5CE5A}.Debug|Any CPU.Build.0 = Debug|Any CPU
		{F8110CF3-F030-4A22-A220-7F1444F5CE5A}.Release|Any CPU.ActiveCfg = Release|Any CPU
		{F8110CF3-F030-4A22-A220-7F1444F5CE5A}.Release|Any CPU.Build.0 = Release|Any CPU
		{275C1BFD-3CAB-4477-BA55-3B7C33DDC8AB}.Debug|Any CPU.ActiveCfg = Debug|Any CPU
		{275C1BFD-3CAB-4477-BA55-3B7C33DDC8AB}.Debug|Any CPU.Build.0 = Debug|Any CPU
		{275C1BFD-3CAB-4477-BA55-3B7C33DDC8AB}.Release|Any CPU.ActiveCfg = Release|Any CPU
		{275C1BFD-3CAB-4477-BA55-3B7C33DDC8AB}.Release|Any CPU.Build.0 = Release|Any CPU
		{F303D10D-7D42-4B94-A176-9A85A6F9058B}.Debug|Any CPU.ActiveCfg = Debug|Any CPU
		{F303D10D-7D42-4B94-A176-9A85A6F9058B}.Debug|Any CPU.Build.0 = Debug|Any CPU
		{F303D10D-7D42-4B94-A176-9A85A6F9058B}.Release|Any CPU.ActiveCfg = Release|Any CPU
		{F303D10D-7D42-4B94-A176-9A85A6F9058B}.Release|Any CPU.Build.0 = Release|Any CPU
		{EBD7F66D-7B08-4B06-84A0-693C0D372B9C}.Debug|Any CPU.ActiveCfg = Debug|Any CPU
		{EBD7F66D-7B08-4B06-84A0-693C0D372B9C}.Debug|Any CPU.Build.0 = Debug|Any CPU
		{EBD7F66D-7B08-4B06-84A0-693C0D372B9C}.Release|Any CPU.ActiveCfg = Release|Any CPU
		{EBD7F66D-7B08-4B06-84A0-693C0D372B9C}.Release|Any CPU.Build.0 = Release|Any CPU
		{8AF97AF6-43D3-4624-869F-9DEF9506AF79}.Debug|Any CPU.ActiveCfg = Debug|Any CPU
		{8AF97AF6-43D3-4624-869F-9DEF9506AF79}.Debug|Any CPU.Build.0 = Debug|Any CPU
		{8AF97AF6-43D3-4624-869F-9DEF9506AF79}.Release|Any CPU.ActiveCfg = Release|Any CPU
		{8AF97AF6-43D3-4624-869F-9DEF9506AF79}.Release|Any CPU.Build.0 = Release|Any CPU
	EndGlobalSection
	GlobalSection(SolutionProperties) = preSolution
		HideSolutionNode = FALSE
	EndGlobalSection
	GlobalSection(NestedProjects) = preSolution
		{A131CC8F-BD36-4E7F-8206-517E682B25FC} = {BF9C3643-462D-49E8-B882-A6733B9E73F4}
		{5543B935-D7C9-4354-AD9A-DE76F6416CA5} = {BF9C3643-462D-49E8-B882-A6733B9E73F4}
		{AB1B0482-D486-42E1-94AF-9E64F4B0A519} = {BF9C3643-462D-49E8-B882-A6733B9E73F4}
		{421DE6D4-0868-4E08-9C05-EE1263F1FC38} = {5543B935-D7C9-4354-AD9A-DE76F6416CA5}
		{0F056435-54BD-489A-84B0-D90E26A4FC40} = {421DE6D4-0868-4E08-9C05-EE1263F1FC38}
		{DFE06A9C-8CD2-4175-A124-560F2D0777B4} = {AB1B0482-D486-42E1-94AF-9E64F4B0A519}
		{02E85D95-C949-4E88-A00F-9E8AED814585} = {DFE06A9C-8CD2-4175-A124-560F2D0777B4}
		{210B41A0-FBB1-4CEB-BD8C-C54774F4869A} = {A131CC8F-BD36-4E7F-8206-517E682B25FC}
		{C1B60E49-5E63-432A-8E1C-3B504D3CE42A} = {210B41A0-FBB1-4CEB-BD8C-C54774F4869A}
		{3EA8675A-A64B-4F69-9091-E362D029AB7C} = {5543B935-D7C9-4354-AD9A-DE76F6416CA5}
		{5D693C70-FC58-485F-B3BA-012D7B34D338} = {5543B935-D7C9-4354-AD9A-DE76F6416CA5}
		{E62E19E9-165D-4B14-95E9-968CDD153030} = {5543B935-D7C9-4354-AD9A-DE76F6416CA5}
		{D04EAC13-C4A3-417F-A5A5-2903C0443732} = {5543B935-D7C9-4354-AD9A-DE76F6416CA5}
		{FD07A958-8C9C-415C-BD78-17D54F8CE957} = {5543B935-D7C9-4354-AD9A-DE76F6416CA5}
		{F8110CF3-F030-4A22-A220-7F1444F5CE5A} = {3EA8675A-A64B-4F69-9091-E362D029AB7C}
		{275C1BFD-3CAB-4477-BA55-3B7C33DDC8AB} = {5D693C70-FC58-485F-B3BA-012D7B34D338}
		{F303D10D-7D42-4B94-A176-9A85A6F9058B} = {E62E19E9-165D-4B14-95E9-968CDD153030}
		{EBD7F66D-7B08-4B06-84A0-693C0D372B9C} = {D04EAC13-C4A3-417F-A5A5-2903C0443732}
		{8AF97AF6-43D3-4624-869F-9DEF9506AF79} = {FD07A958-8C9C-415C-BD78-17D54F8CE957}
	EndGlobalSection
	GlobalSection(ExtensibilityGlobals) = postSolution
		SolutionGuid = {C80A9C0F-548B-4AFD-8EAD-54DFC6FEEC3D}
	EndGlobalSection
EndGlobal
